
Microsoft Visual Studio Solution File, Format Version 12.00
# Visual Studio Version 16
VisualStudioVersion = 16.0.31313.79
MinimumVisualStudioVersion = 10.0.40219.1
Project("{FAE04EC0-301F-11D3-BF4B-00C04F79EFBC}") = "Curso_NetCore_LojaVirtual", "Curso_NetCore_LojaVirtual\Curso_NetCore_LojaVirtual.csproj", "{46FCE844-4E93-4589-83E5-04A864B13ECB}"
EndProject
Global
	GlobalSection(SolutionConfigurationPlatforms) = preSolution
		Debug|Any CPU = Debug|Any CPU
		Release|Any CPU = Release|Any CPU
	EndGlobalSection
	GlobalSection(ProjectConfigurationPlatforms) = postSolution
		{46FCE844-4E93-4589-83E5-04A864B13ECB}.Debug|Any CPU.ActiveCfg = Debug|Any CPU
		{46FCE844-4E93-4589-83E5-04A864B13ECB}.Debug|Any CPU.Build.0 = Debug|Any CPU
		{46FCE844-4E93-4589-83E5-04A864B13ECB}.Release|Any CPU.ActiveCfg = Release|Any CPU
		{46FCE844-4E93-4589-83E5-04A864B13ECB}.Release|Any CPU.Build.0 = Release|Any CPU
	EndGlobalSection
	GlobalSection(SolutionProperties) = preSolution
		HideSolutionNode = FALSE
	EndGlobalSection
	GlobalSection(ExtensibilityGlobals) = postSolution
		SolutionGuid = {E291E80D-5B5C-4E41-B81E-4CD4BCF23CB4}
	EndGlobalSection
EndGlobal
